// !$*UTF8*$!
{
	archiveVersion = 1;
	classes = {
	};
	objectVersion = 55;
	objects = {

/* Begin PBXBuildFile section */
		AC32B484285FC8E800AD9458 /* FavouritesViewController.swift in Sources */ = {isa = PBXBuildFile; fileRef = AC32B483285FC8E800AD9458 /* FavouritesViewController.swift */; };
		AC32B486285FC8F200AD9458 /* FavouritesViewModel.swift in Sources */ = {isa = PBXBuildFile; fileRef = AC32B485285FC8F100AD9458 /* FavouritesViewModel.swift */; };
		AC586E49286756730087704D /* StateInfoView.swift in Sources */ = {isa = PBXBuildFile; fileRef = AC586E48286756730087704D /* StateInfoView.swift */; };
		AC586E4F2867D4700087704D /* WaterfallLayoutConfiguration.swift in Sources */ = {isa = PBXBuildFile; fileRef = AC586E4E2867D4700087704D /* WaterfallLayoutConfiguration.swift */; };
		AC586E512867D4950087704D /* LayoutItemProvider.swift in Sources */ = {isa = PBXBuildFile; fileRef = AC586E502867D4950087704D /* LayoutItemProvider.swift */; };
		AC586E532867D8950087704D /* GradientView.swift in Sources */ = {isa = PBXBuildFile; fileRef = AC586E522867D8950087704D /* GradientView.swift */; };
		AC586E552867D9F40087704D /* UIView+Extensions.swift in Sources */ = {isa = PBXBuildFile; fileRef = AC586E542867D9F40087704D /* UIView+Extensions.swift */; };
		AC6FA2552864B3840014BCB2 /* GIFCellViewModel.swift in Sources */ = {isa = PBXBuildFile; fileRef = AC6FA2542864B3840014BCB2 /* GIFCellViewModel.swift */; };
		AC6FA257286505EC0014BCB2 /* UpdateFavouritesUseCase.swift in Sources */ = {isa = PBXBuildFile; fileRef = AC6FA256286505EC0014BCB2 /* UpdateFavouritesUseCase.swift */; };
		AC6FA25F286516C90014BCB2 /* GIFsPage.swift in Sources */ = {isa = PBXBuildFile; fileRef = AC6FA25E286516C90014BCB2 /* GIFsPage.swift */; };
		AC6FA26428652C640014BCB2 /* CombineExt in Frameworks */ = {isa = PBXBuildFile; productRef = AC6FA26328652C640014BCB2 /* CombineExt */; };
		AC72FFCF28623194008F6B21 /* GIF.swift in Sources */ = {isa = PBXBuildFile; fileRef = AC72FFCE28623194008F6B21 /* GIF.swift */; };
		AC72FFD1286231E7008F6B21 /* TenorGIFsResponse.swift in Sources */ = {isa = PBXBuildFile; fileRef = AC72FFD0286231E7008F6B21 /* TenorGIFsResponse.swift */; };
		AC72FFD32862347D008F6B21 /* CoreDataFavouritesStorage.swift in Sources */ = {isa = PBXBuildFile; fileRef = AC72FFD22862347D008F6B21 /* CoreDataFavouritesStorage.swift */; };
		AC72FFD628623527008F6B21 /* CoreDataManager.swift in Sources */ = {isa = PBXBuildFile; fileRef = AC72FFD528623527008F6B21 /* CoreDataManager.swift */; };
		AC72FFD928623AB2008F6B21 /* CombineCocoa in Frameworks */ = {isa = PBXBuildFile; productRef = AC72FFD828623AB2008F6B21 /* CombineCocoa */; };
		AC72FFDB28623BA7008F6B21 /* DefaultFetchGIFsUseCase.swift in Sources */ = {isa = PBXBuildFile; fileRef = AC72FFDA28623BA7008F6B21 /* DefaultFetchGIFsUseCase.swift */; };
		AC8B68F92868AF81004E8B2C /* TenorGIF.swift in Sources */ = {isa = PBXBuildFile; fileRef = AC8B68F82868AF81004E8B2C /* TenorGIF.swift */; };
		AC8B68FB2868B035004E8B2C /* GIFSearchParameters.swift in Sources */ = {isa = PBXBuildFile; fileRef = AC8B68FA2868B035004E8B2C /* GIFSearchParameters.swift */; };
		AC8B68FD2868B0E9004E8B2C /* UITabBarItem+Factories.swift in Sources */ = {isa = PBXBuildFile; fileRef = AC8B68FC2868B0E9004E8B2C /* UITabBarItem+Factories.swift */; };
		AC8B68FF2868B128004E8B2C /* NSFetchedResultsController+Factories.swift in Sources */ = {isa = PBXBuildFile; fileRef = AC8B68FE2868B128004E8B2C /* NSFetchedResultsController+Factories.swift */; };
		AC8B69012868B2FC004E8B2C /* PaginatedFetchGIFsUseCaseTests.swift in Sources */ = {isa = PBXBuildFile; fileRef = AC8B69002868B2FC004E8B2C /* PaginatedFetchGIFsUseCaseTests.swift */; };
		AC8B69042868B341004E8B2C /* PaginatedFetchGIFsUseCase.swift in Sources */ = {isa = PBXBuildFile; fileRef = AC8B69032868B341004E8B2C /* PaginatedFetchGIFsUseCase.swift */; };
		AC8B69062868B368004E8B2C /* FetchGIFsUseCase.swift in Sources */ = {isa = PBXBuildFile; fileRef = AC8B69052868B368004E8B2C /* FetchGIFsUseCase.swift */; };
		AC8B69082868D10D004E8B2C /* ErrorMessage.swift in Sources */ = {isa = PBXBuildFile; fileRef = AC8B69072868D10D004E8B2C /* ErrorMessage.swift */; };
		AC8B690B2868DED3004E8B2C /* Mutated.swift in Sources */ = {isa = PBXBuildFile; fileRef = AC8B690A2868DED3004E8B2C /* Mutated.swift */; };
		AC8B690D2868DF17004E8B2C /* FavouritesStorage.swift in Sources */ = {isa = PBXBuildFile; fileRef = AC8B690C2868DF17004E8B2C /* FavouritesStorage.swift */; };
		AC8B690F2868DF4D004E8B2C /* GIFsEndpoint.swift in Sources */ = {isa = PBXBuildFile; fileRef = AC8B690E2868DF4D004E8B2C /* GIFsEndpoint.swift */; };
		AC8BA098285CE973009CF8F1 /* AppDelegate.swift in Sources */ = {isa = PBXBuildFile; fileRef = AC8BA097285CE973009CF8F1 /* AppDelegate.swift */; };
		AC8BA09A285CE973009CF8F1 /* SceneDelegate.swift in Sources */ = {isa = PBXBuildFile; fileRef = AC8BA099285CE973009CF8F1 /* SceneDelegate.swift */; };
		AC8BA0A2285CE973009CF8F1 /* TenorTrialTask.xcdatamodeld in Sources */ = {isa = PBXBuildFile; fileRef = AC8BA0A0285CE973009CF8F1 /* TenorTrialTask.xcdatamodeld */; };
		AC8BA0A4285CE97C009CF8F1 /* Assets.xcassets in Resources */ = {isa = PBXBuildFile; fileRef = AC8BA0A3285CE97C009CF8F1 /* Assets.xcassets */; };
		AC8BA0A7285CE97C009CF8F1 /* LaunchScreen.storyboard in Resources */ = {isa = PBXBuildFile; fileRef = AC8BA0A5285CE97C009CF8F1 /* LaunchScreen.storyboard */; };
		AC8BA0BC285CE97D009CF8F1 /* TenorTrialTaskUITests.swift in Sources */ = {isa = PBXBuildFile; fileRef = AC8BA0BB285CE97D009CF8F1 /* TenorTrialTaskUITests.swift */; };
		AC8BA0BE285CE97D009CF8F1 /* TenorTrialTaskUITestsLaunchTests.swift in Sources */ = {isa = PBXBuildFile; fileRef = AC8BA0BD285CE97D009CF8F1 /* TenorTrialTaskUITestsLaunchTests.swift */; };
		AC8BA0CB285D01B7009CF8F1 /* SearchGIFsViewController.swift in Sources */ = {isa = PBXBuildFile; fileRef = AC8BA0CA285D01B7009CF8F1 /* SearchGIFsViewController.swift */; };
		AC8BA0CE285D01F5009CF8F1 /* SearchGIFsViewModel.swift in Sources */ = {isa = PBXBuildFile; fileRef = AC8BA0CD285D01F5009CF8F1 /* SearchGIFsViewModel.swift */; };
		AC8BA0D0285D04E9009CF8F1 /* GIFCell.swift in Sources */ = {isa = PBXBuildFile; fileRef = AC8BA0CF285D04E9009CF8F1 /* GIFCell.swift */; };
		AC9C90FE2867E1E400943DF2 /* Publisher+Extensions.swift in Sources */ = {isa = PBXBuildFile; fileRef = AC9C90FD2867E1E400943DF2 /* Publisher+Extensions.swift */; };
		ACABA096285E0ACB00FD7067 /* SDWebImage in Frameworks */ = {isa = PBXBuildFile; productRef = ACABA095285E0ACB00FD7067 /* SDWebImage */; };
		ACABA098285E56ED00FD7067 /* DefaultGIFsEndpoint.swift in Sources */ = {isa = PBXBuildFile; fileRef = ACABA097285E56ED00FD7067 /* DefaultGIFsEndpoint.swift */; };
		ACB56AF1286679F7008CD341 /* UICollectionViewLayout+Waterfall.swift in Sources */ = {isa = PBXBuildFile; fileRef = ACB56AF0286679F7008CD341 /* UICollectionViewLayout+Waterfall.swift */; };
		ACED9836285D0FDC004395B0 /* NetworkService.swift in Sources */ = {isa = PBXBuildFile; fileRef = ACED9835285D0FDC004395B0 /* NetworkService.swift */; };
/* End PBXBuildFile section */

/* Begin PBXContainerItemProxy section */
		AC8BA0AE285CE97D009CF8F1 /* PBXContainerItemProxy */ = {
			isa = PBXContainerItemProxy;
			containerPortal = AC8BA08C285CE973009CF8F1 /* Project object */;
			proxyType = 1;
			remoteGlobalIDString = AC8BA093285CE973009CF8F1;
			remoteInfo = TenorTrialTask;
		};
		AC8BA0B8285CE97D009CF8F1 /* PBXContainerItemProxy */ = {
			isa = PBXContainerItemProxy;
			containerPortal = AC8BA08C285CE973009CF8F1 /* Project object */;
			proxyType = 1;
			remoteGlobalIDString = AC8BA093285CE973009CF8F1;
			remoteInfo = TenorTrialTask;
		};
/* End PBXContainerItemProxy section */

/* Begin PBXFileReference section */
		AC32B483285FC8E800AD9458 /* FavouritesViewController.swift */ = {isa = PBXFileReference; fileEncoding = 4; lastKnownFileType = sourcecode.swift; path = FavouritesViewController.swift; sourceTree = "<group>"; };
		AC32B485285FC8F100AD9458 /* FavouritesViewModel.swift */ = {isa = PBXFileReference; fileEncoding = 4; lastKnownFileType = sourcecode.swift; path = FavouritesViewModel.swift; sourceTree = "<group>"; };
		AC586E48286756730087704D /* StateInfoView.swift */ = {isa = PBXFileReference; lastKnownFileType = sourcecode.swift; path = StateInfoView.swift; sourceTree = "<group>"; };
		AC586E4E2867D4700087704D /* WaterfallLayoutConfiguration.swift */ = {isa = PBXFileReference; lastKnownFileType = sourcecode.swift; path = WaterfallLayoutConfiguration.swift; sourceTree = "<group>"; };
		AC586E502867D4950087704D /* LayoutItemProvider.swift */ = {isa = PBXFileReference; lastKnownFileType = sourcecode.swift; path = LayoutItemProvider.swift; sourceTree = "<group>"; };
		AC586E522867D8950087704D /* GradientView.swift */ = {isa = PBXFileReference; lastKnownFileType = sourcecode.swift; path = GradientView.swift; sourceTree = "<group>"; };
		AC586E542867D9F40087704D /* UIView+Extensions.swift */ = {isa = PBXFileReference; lastKnownFileType = sourcecode.swift; path = "UIView+Extensions.swift"; sourceTree = "<group>"; };
		AC6FA2542864B3840014BCB2 /* GIFCellViewModel.swift */ = {isa = PBXFileReference; lastKnownFileType = sourcecode.swift; path = GIFCellViewModel.swift; sourceTree = "<group>"; };
		AC6FA256286505EC0014BCB2 /* UpdateFavouritesUseCase.swift */ = {isa = PBXFileReference; lastKnownFileType = sourcecode.swift; path = UpdateFavouritesUseCase.swift; sourceTree = "<group>"; };
		AC6FA25E286516C90014BCB2 /* GIFsPage.swift */ = {isa = PBXFileReference; lastKnownFileType = sourcecode.swift; path = GIFsPage.swift; sourceTree = "<group>"; };
		AC72FFCE28623194008F6B21 /* GIF.swift */ = {isa = PBXFileReference; lastKnownFileType = sourcecode.swift; path = GIF.swift; sourceTree = "<group>"; };
		AC72FFD0286231E7008F6B21 /* TenorGIFsResponse.swift */ = {isa = PBXFileReference; lastKnownFileType = sourcecode.swift; path = TenorGIFsResponse.swift; sourceTree = "<group>"; };
		AC72FFD22862347D008F6B21 /* CoreDataFavouritesStorage.swift */ = {isa = PBXFileReference; lastKnownFileType = sourcecode.swift; path = CoreDataFavouritesStorage.swift; sourceTree = "<group>"; };
		AC72FFD528623527008F6B21 /* CoreDataManager.swift */ = {isa = PBXFileReference; lastKnownFileType = sourcecode.swift; path = CoreDataManager.swift; sourceTree = "<group>"; };
		AC72FFDA28623BA7008F6B21 /* DefaultFetchGIFsUseCase.swift */ = {isa = PBXFileReference; lastKnownFileType = sourcecode.swift; path = DefaultFetchGIFsUseCase.swift; sourceTree = "<group>"; };
		AC8B68F82868AF81004E8B2C /* TenorGIF.swift */ = {isa = PBXFileReference; lastKnownFileType = sourcecode.swift; path = TenorGIF.swift; sourceTree = "<group>"; };
		AC8B68FA2868B035004E8B2C /* GIFSearchParameters.swift */ = {isa = PBXFileReference; lastKnownFileType = sourcecode.swift; path = GIFSearchParameters.swift; sourceTree = "<group>"; };
		AC8B68FC2868B0E9004E8B2C /* UITabBarItem+Factories.swift */ = {isa = PBXFileReference; lastKnownFileType = sourcecode.swift; path = "UITabBarItem+Factories.swift"; sourceTree = "<group>"; };
		AC8B68FE2868B128004E8B2C /* NSFetchedResultsController+Factories.swift */ = {isa = PBXFileReference; lastKnownFileType = sourcecode.swift; path = "NSFetchedResultsController+Factories.swift"; sourceTree = "<group>"; };
		AC8B69002868B2FC004E8B2C /* PaginatedFetchGIFsUseCaseTests.swift */ = {isa = PBXFileReference; lastKnownFileType = sourcecode.swift; path = PaginatedFetchGIFsUseCaseTests.swift; sourceTree = "<group>"; };
		AC8B69032868B341004E8B2C /* PaginatedFetchGIFsUseCase.swift */ = {isa = PBXFileReference; lastKnownFileType = sourcecode.swift; path = PaginatedFetchGIFsUseCase.swift; sourceTree = "<group>"; };
		AC8B69052868B368004E8B2C /* FetchGIFsUseCase.swift */ = {isa = PBXFileReference; lastKnownFileType = sourcecode.swift; path = FetchGIFsUseCase.swift; sourceTree = "<group>"; };
		AC8B69072868D10D004E8B2C /* ErrorMessage.swift */ = {isa = PBXFileReference; lastKnownFileType = sourcecode.swift; path = ErrorMessage.swift; sourceTree = "<group>"; };
		AC8B690A2868DED3004E8B2C /* Mutated.swift */ = {isa = PBXFileReference; lastKnownFileType = sourcecode.swift; path = Mutated.swift; sourceTree = "<group>"; };
		AC8B690C2868DF17004E8B2C /* FavouritesStorage.swift */ = {isa = PBXFileReference; lastKnownFileType = sourcecode.swift; path = FavouritesStorage.swift; sourceTree = "<group>"; };
		AC8B690E2868DF4D004E8B2C /* GIFsEndpoint.swift */ = {isa = PBXFileReference; lastKnownFileType = sourcecode.swift; name = GIFsEndpoint.swift; path = TenorTrialTask/Domain/UseCases/GIFsEndpoint.swift; sourceTree = SOURCE_ROOT; };
		AC8BA094285CE973009CF8F1 /* TenorTrialTask.app */ = {isa = PBXFileReference; explicitFileType = wrapper.application; includeInIndex = 0; path = TenorTrialTask.app; sourceTree = BUILT_PRODUCTS_DIR; };
		AC8BA097285CE973009CF8F1 /* AppDelegate.swift */ = {isa = PBXFileReference; lastKnownFileType = sourcecode.swift; path = AppDelegate.swift; sourceTree = "<group>"; };
		AC8BA099285CE973009CF8F1 /* SceneDelegate.swift */ = {isa = PBXFileReference; lastKnownFileType = sourcecode.swift; path = SceneDelegate.swift; sourceTree = "<group>"; };
		AC8BA0A1285CE973009CF8F1 /* TenorTrialTask.xcdatamodel */ = {isa = PBXFileReference; lastKnownFileType = wrapper.xcdatamodel; path = TenorTrialTask.xcdatamodel; sourceTree = "<group>"; };
		AC8BA0A3285CE97C009CF8F1 /* Assets.xcassets */ = {isa = PBXFileReference; lastKnownFileType = folder.assetcatalog; path = Assets.xcassets; sourceTree = "<group>"; };
		AC8BA0A6285CE97C009CF8F1 /* Base */ = {isa = PBXFileReference; lastKnownFileType = file.storyboard; name = Base; path = Base.lproj/LaunchScreen.storyboard; sourceTree = "<group>"; };
		AC8BA0A8285CE97C009CF8F1 /* Info.plist */ = {isa = PBXFileReference; lastKnownFileType = text.plist.xml; path = Info.plist; sourceTree = "<group>"; };
		AC8BA0AD285CE97D009CF8F1 /* TenorTrialTaskTests.xctest */ = {isa = PBXFileReference; explicitFileType = wrapper.cfbundle; includeInIndex = 0; path = TenorTrialTaskTests.xctest; sourceTree = BUILT_PRODUCTS_DIR; };
		AC8BA0B7285CE97D009CF8F1 /* TenorTrialTaskUITests.xctest */ = {isa = PBXFileReference; explicitFileType = wrapper.cfbundle; includeInIndex = 0; path = TenorTrialTaskUITests.xctest; sourceTree = BUILT_PRODUCTS_DIR; };
		AC8BA0BB285CE97D009CF8F1 /* TenorTrialTaskUITests.swift */ = {isa = PBXFileReference; lastKnownFileType = sourcecode.swift; path = TenorTrialTaskUITests.swift; sourceTree = "<group>"; };
		AC8BA0BD285CE97D009CF8F1 /* TenorTrialTaskUITestsLaunchTests.swift */ = {isa = PBXFileReference; lastKnownFileType = sourcecode.swift; path = TenorTrialTaskUITestsLaunchTests.swift; sourceTree = "<group>"; };
		AC8BA0CA285D01B7009CF8F1 /* SearchGIFsViewController.swift */ = {isa = PBXFileReference; lastKnownFileType = sourcecode.swift; path = SearchGIFsViewController.swift; sourceTree = "<group>"; };
		AC8BA0CD285D01F5009CF8F1 /* SearchGIFsViewModel.swift */ = {isa = PBXFileReference; lastKnownFileType = sourcecode.swift; path = SearchGIFsViewModel.swift; sourceTree = "<group>"; };
		AC8BA0CF285D04E9009CF8F1 /* GIFCell.swift */ = {isa = PBXFileReference; lastKnownFileType = sourcecode.swift; path = GIFCell.swift; sourceTree = "<group>"; };
		AC9C90FD2867E1E400943DF2 /* Publisher+Extensions.swift */ = {isa = PBXFileReference; lastKnownFileType = sourcecode.swift; path = "Publisher+Extensions.swift"; sourceTree = "<group>"; };
		ACABA097285E56ED00FD7067 /* DefaultGIFsEndpoint.swift */ = {isa = PBXFileReference; lastKnownFileType = sourcecode.swift; path = DefaultGIFsEndpoint.swift; sourceTree = "<group>"; };
		ACB56AF0286679F7008CD341 /* UICollectionViewLayout+Waterfall.swift */ = {isa = PBXFileReference; lastKnownFileType = sourcecode.swift; path = "UICollectionViewLayout+Waterfall.swift"; sourceTree = "<group>"; };
		ACED9835285D0FDC004395B0 /* NetworkService.swift */ = {isa = PBXFileReference; lastKnownFileType = sourcecode.swift; path = NetworkService.swift; sourceTree = "<group>"; };
/* End PBXFileReference section */

/* Begin PBXFrameworksBuildPhase section */
		AC8BA091285CE973009CF8F1 /* Frameworks */ = {
			isa = PBXFrameworksBuildPhase;
			buildActionMask = 2147483647;
			files = (
				AC72FFD928623AB2008F6B21 /* CombineCocoa in Frameworks */,
				AC6FA26428652C640014BCB2 /* CombineExt in Frameworks */,
				ACABA096285E0ACB00FD7067 /* SDWebImage in Frameworks */,
			);
			runOnlyForDeploymentPostprocessing = 0;
		};
		AC8BA0AA285CE97D009CF8F1 /* Frameworks */ = {
			isa = PBXFrameworksBuildPhase;
			buildActionMask = 2147483647;
			files = (
			);
			runOnlyForDeploymentPostprocessing = 0;
		};
		AC8BA0B4285CE97D009CF8F1 /* Frameworks */ = {
			isa = PBXFrameworksBuildPhase;
			buildActionMask = 2147483647;
			files = (
			);
			runOnlyForDeploymentPostprocessing = 0;
		};
/* End PBXFrameworksBuildPhase section */

/* Begin PBXGroup section */
		AC21CFEF2863A50000BF9E07 /* Helpers */ = {
			isa = PBXGroup;
			children = (
				AC586E542867D9F40087704D /* UIView+Extensions.swift */,
				AC9C90FD2867E1E400943DF2 /* Publisher+Extensions.swift */,
				AC8B68FC2868B0E9004E8B2C /* UITabBarItem+Factories.swift */,
				AC8B68FE2868B128004E8B2C /* NSFetchedResultsController+Factories.swift */,
				AC8B690A2868DED3004E8B2C /* Mutated.swift */,
			);
			path = Helpers;
			sourceTree = "<group>";
		};
		AC32B487285FC8FE00AD9458 /* Favourites */ = {
			isa = PBXGroup;
			children = (
				AC32B483285FC8E800AD9458 /* FavouritesViewController.swift */,
				AC32B485285FC8F100AD9458 /* FavouritesViewModel.swift */,
			);
			path = Favourites;
			sourceTree = "<group>";
		};
		AC586E4C2867A8D70087704D /* GIFCell */ = {
			isa = PBXGroup;
			children = (
				AC8BA0CF285D04E9009CF8F1 /* GIFCell.swift */,
				AC6FA2542864B3840014BCB2 /* GIFCellViewModel.swift */,
				AC586E522867D8950087704D /* GradientView.swift */,
			);
			path = GIFCell;
			sourceTree = "<group>";
		};
		AC586E4D2867D4510087704D /* WaterfallLayout */ = {
			isa = PBXGroup;
			children = (
				ACB56AF0286679F7008CD341 /* UICollectionViewLayout+Waterfall.swift */,
				AC586E4E2867D4700087704D /* WaterfallLayoutConfiguration.swift */,
				AC586E502867D4950087704D /* LayoutItemProvider.swift */,
			);
			path = WaterfallLayout;
			sourceTree = "<group>";
		};
		AC6FA25A286516540014BCB2 /* Presentation */ = {
			isa = PBXGroup;
			children = (
				AC8BA0CC285D01DA009CF8F1 /* Search */,
				AC32B487285FC8FE00AD9458 /* Favourites */,
			);
			path = Presentation;
			sourceTree = "<group>";
		};
		AC6FA25B2865167D0014BCB2 /* Views */ = {
			isa = PBXGroup;
			children = (
				AC586E4C2867A8D70087704D /* GIFCell */,
				AC586E48286756730087704D /* StateInfoView.swift */,
			);
			path = Views;
			sourceTree = "<group>";
		};
		AC6FA25C286516990014BCB2 /* UseCases */ = {
			isa = PBXGroup;
			children = (
				AC8B69022868B324004E8B2C /* FetchGIFsUseCase */,
				AC6FA256286505EC0014BCB2 /* UpdateFavouritesUseCase.swift */,
				AC8B690C2868DF17004E8B2C /* FavouritesStorage.swift */,
			);
			path = UseCases;
			sourceTree = "<group>";
		};
		AC6FA25D286516BB0014BCB2 /* Entities */ = {
			isa = PBXGroup;
			children = (
				AC72FFCE28623194008F6B21 /* GIF.swift */,
				AC6FA25E286516C90014BCB2 /* GIFsPage.swift */,
				AC8B68FA2868B035004E8B2C /* GIFSearchParameters.swift */,
				AC8B69072868D10D004E8B2C /* ErrorMessage.swift */,
			);
			path = Entities;
			sourceTree = "<group>";
		};
		AC6FA260286517170014BCB2 /* DataAccess */ = {
			isa = PBXGroup;
			children = (
				AC72FFD428623511008F6B21 /* Storage */,
				ACED9834285D0FC5004395B0 /* Network */,
			);
			path = DataAccess;
			sourceTree = "<group>";
		};
		AC6FA261286517640014BCB2 /* Resources */ = {
			isa = PBXGroup;
			children = (
				AC8BA0A8285CE97C009CF8F1 /* Info.plist */,
				AC8BA0A3285CE97C009CF8F1 /* Assets.xcassets */,
				AC8BA0A5285CE97C009CF8F1 /* LaunchScreen.storyboard */,
				AC8BA0A0285CE973009CF8F1 /* TenorTrialTask.xcdatamodeld */,
			);
			path = Resources;
			sourceTree = "<group>";
		};
		AC72FFCD28623183008F6B21 /* Domain */ = {
			isa = PBXGroup;
			children = (
				AC6FA25D286516BB0014BCB2 /* Entities */,
				AC6FA25C286516990014BCB2 /* UseCases */,
			);
			path = Domain;
			sourceTree = "<group>";
		};
		AC72FFD428623511008F6B21 /* Storage */ = {
			isa = PBXGroup;
			children = (
				AC72FFD22862347D008F6B21 /* CoreDataFavouritesStorage.swift */,
				AC72FFD528623527008F6B21 /* CoreDataManager.swift */,
			);
			path = Storage;
			sourceTree = "<group>";
		};
		AC8B68F72868AF6A004E8B2C /* Responses */ = {
			isa = PBXGroup;
			children = (
				AC72FFD0286231E7008F6B21 /* TenorGIFsResponse.swift */,
				AC8B68F82868AF81004E8B2C /* TenorGIF.swift */,
			);
			path = Responses;
			sourceTree = "<group>";
		};
		AC8B69022868B324004E8B2C /* FetchGIFsUseCase */ = {
			isa = PBXGroup;
			children = (
				AC72FFDA28623BA7008F6B21 /* DefaultFetchGIFsUseCase.swift */,
				AC8B69032868B341004E8B2C /* PaginatedFetchGIFsUseCase.swift */,
				AC8B69052868B368004E8B2C /* FetchGIFsUseCase.swift */,
				AC8B690E2868DF4D004E8B2C /* GIFsEndpoint.swift */,
			);
			path = FetchGIFsUseCase;
			sourceTree = "<group>";
		};
		AC8B69092868D5A7004E8B2C /* CompositionRoot */ = {
			isa = PBXGroup;
			children = (
				AC8BA097285CE973009CF8F1 /* AppDelegate.swift */,
				AC8BA099285CE973009CF8F1 /* SceneDelegate.swift */,
			);
			path = CompositionRoot;
			sourceTree = "<group>";
		};
		AC8BA08B285CE973009CF8F1 = {
			isa = PBXGroup;
			children = (
				AC8BA096285CE973009CF8F1 /* TenorTrialTask */,
				AC8BA0B0285CE97D009CF8F1 /* TenorTrialTaskTests */,
				AC8BA0BA285CE97D009CF8F1 /* TenorTrialTaskUITests */,
				AC8BA095285CE973009CF8F1 /* Products */,
			);
			sourceTree = "<group>";
		};
		AC8BA095285CE973009CF8F1 /* Products */ = {
			isa = PBXGroup;
			children = (
				AC8BA094285CE973009CF8F1 /* TenorTrialTask.app */,
				AC8BA0AD285CE97D009CF8F1 /* TenorTrialTaskTests.xctest */,
				AC8BA0B7285CE97D009CF8F1 /* TenorTrialTaskUITests.xctest */,
			);
			name = Products;
			sourceTree = "<group>";
		};
		AC8BA096285CE973009CF8F1 /* TenorTrialTask */ = {
			isa = PBXGroup;
			children = (
				AC8B69092868D5A7004E8B2C /* CompositionRoot */,
				AC72FFCD28623183008F6B21 /* Domain */,
				AC6FA260286517170014BCB2 /* DataAccess */,
				AC6FA25A286516540014BCB2 /* Presentation */,
				AC21CFEF2863A50000BF9E07 /* Helpers */,
				AC6FA261286517640014BCB2 /* Resources */,
			);
			path = TenorTrialTask;
			sourceTree = "<group>";
		};
		AC8BA0B0285CE97D009CF8F1 /* TenorTrialTaskTests */ = {
			isa = PBXGroup;
			children = (
				AC8B69002868B2FC004E8B2C /* PaginatedFetchGIFsUseCaseTests.swift */,
			);
			path = TenorTrialTaskTests;
			sourceTree = "<group>";
		};
		AC8BA0BA285CE97D009CF8F1 /* TenorTrialTaskUITests */ = {
			isa = PBXGroup;
			children = (
				AC8BA0BB285CE97D009CF8F1 /* TenorTrialTaskUITests.swift */,
				AC8BA0BD285CE97D009CF8F1 /* TenorTrialTaskUITestsLaunchTests.swift */,
			);
			path = TenorTrialTaskUITests;
			sourceTree = "<group>";
		};
		AC8BA0CC285D01DA009CF8F1 /* Search */ = {
			isa = PBXGroup;
			children = (
				AC586E4D2867D4510087704D /* WaterfallLayout */,
				AC6FA25B2865167D0014BCB2 /* Views */,
				AC8BA0CA285D01B7009CF8F1 /* SearchGIFsViewController.swift */,
				AC8BA0CD285D01F5009CF8F1 /* SearchGIFsViewModel.swift */,
			);
			path = Search;
			sourceTree = "<group>";
		};
		ACED9834285D0FC5004395B0 /* Network */ = {
			isa = PBXGroup;
			children = (
				AC8B68F72868AF6A004E8B2C /* Responses */,
				ACABA097285E56ED00FD7067 /* DefaultGIFsEndpoint.swift */,
				ACED9835285D0FDC004395B0 /* NetworkService.swift */,
			);
			path = Network;
			sourceTree = "<group>";
		};
/* End PBXGroup section */

/* Begin PBXNativeTarget section */
		AC8BA093285CE973009CF8F1 /* TenorTrialTask */ = {
			isa = PBXNativeTarget;
			buildConfigurationList = AC8BA0C1285CE97D009CF8F1 /* Build configuration list for PBXNativeTarget "TenorTrialTask" */;
			buildPhases = (
				AC8BA090285CE973009CF8F1 /* Sources */,
				AC8BA091285CE973009CF8F1 /* Frameworks */,
				AC8BA092285CE973009CF8F1 /* Resources */,
			);
			buildRules = (
			);
			dependencies = (
			);
			name = TenorTrialTask;
			packageProductDependencies = (
				ACABA095285E0ACB00FD7067 /* SDWebImage */,
				AC72FFD828623AB2008F6B21 /* CombineCocoa */,
				AC6FA26328652C640014BCB2 /* CombineExt */,
			);
			productName = TenorTrialTask;
			productReference = AC8BA094285CE973009CF8F1 /* TenorTrialTask.app */;
			productType = "com.apple.product-type.application";
		};
		AC8BA0AC285CE97D009CF8F1 /* TenorTrialTaskTests */ = {
			isa = PBXNativeTarget;
			buildConfigurationList = AC8BA0C4285CE97D009CF8F1 /* Build configuration list for PBXNativeTarget "TenorTrialTaskTests" */;
			buildPhases = (
				AC8BA0A9285CE97D009CF8F1 /* Sources */,
				AC8BA0AA285CE97D009CF8F1 /* Frameworks */,
				AC8BA0AB285CE97D009CF8F1 /* Resources */,
			);
			buildRules = (
			);
			dependencies = (
				AC8BA0AF285CE97D009CF8F1 /* PBXTargetDependency */,
			);
			name = TenorTrialTaskTests;
			productName = TenorTrialTaskTests;
			productReference = AC8BA0AD285CE97D009CF8F1 /* TenorTrialTaskTests.xctest */;
			productType = "com.apple.product-type.bundle.unit-test";
		};
		AC8BA0B6285CE97D009CF8F1 /* TenorTrialTaskUITests */ = {
			isa = PBXNativeTarget;
			buildConfigurationList = AC8BA0C7285CE97D009CF8F1 /* Build configuration list for PBXNativeTarget "TenorTrialTaskUITests" */;
			buildPhases = (
				AC8BA0B3285CE97D009CF8F1 /* Sources */,
				AC8BA0B4285CE97D009CF8F1 /* Frameworks */,
				AC8BA0B5285CE97D009CF8F1 /* Resources */,
			);
			buildRules = (
			);
			dependencies = (
				AC8BA0B9285CE97D009CF8F1 /* PBXTargetDependency */,
			);
			name = TenorTrialTaskUITests;
			productName = TenorTrialTaskUITests;
			productReference = AC8BA0B7285CE97D009CF8F1 /* TenorTrialTaskUITests.xctest */;
			productType = "com.apple.product-type.bundle.ui-testing";
		};
/* End PBXNativeTarget section */

/* Begin PBXProject section */
		AC8BA08C285CE973009CF8F1 /* Project object */ = {
			isa = PBXProject;
			attributes = {
				BuildIndependentTargetsInParallel = 1;
				LastSwiftUpdateCheck = 1330;
				LastUpgradeCheck = 1330;
				TargetAttributes = {
					AC8BA093285CE973009CF8F1 = {
						CreatedOnToolsVersion = 13.3.1;
					};
					AC8BA0AC285CE97D009CF8F1 = {
						CreatedOnToolsVersion = 13.3.1;
						TestTargetID = AC8BA093285CE973009CF8F1;
					};
					AC8BA0B6285CE97D009CF8F1 = {
						CreatedOnToolsVersion = 13.3.1;
						TestTargetID = AC8BA093285CE973009CF8F1;
					};
				};
			};
			buildConfigurationList = AC8BA08F285CE973009CF8F1 /* Build configuration list for PBXProject "TenorTrialTask" */;
			compatibilityVersion = "Xcode 13.0";
			developmentRegion = en;
			hasScannedForEncodings = 0;
			knownRegions = (
				en,
				Base,
			);
			mainGroup = AC8BA08B285CE973009CF8F1;
			packageReferences = (
				ACABA094285E0ACB00FD7067 /* XCRemoteSwiftPackageReference "SDWebImage" */,
				AC72FFD728623AB2008F6B21 /* XCRemoteSwiftPackageReference "CombineCocoa" */,
				AC6FA26228652C640014BCB2 /* XCRemoteSwiftPackageReference "CombineExt" */,
			);
			productRefGroup = AC8BA095285CE973009CF8F1 /* Products */;
			projectDirPath = "";
			projectRoot = "";
			targets = (
				AC8BA093285CE973009CF8F1 /* TenorTrialTask */,
				AC8BA0AC285CE97D009CF8F1 /* TenorTrialTaskTests */,
				AC8BA0B6285CE97D009CF8F1 /* TenorTrialTaskUITests */,
			);
		};
/* End PBXProject section */

/* Begin PBXResourcesBuildPhase section */
		AC8BA092285CE973009CF8F1 /* Resources */ = {
			isa = PBXResourcesBuildPhase;
			buildActionMask = 2147483647;
			files = (
				AC8BA0A7285CE97C009CF8F1 /* LaunchScreen.storyboard in Resources */,
				AC8BA0A4285CE97C009CF8F1 /* Assets.xcassets in Resources */,
			);
			runOnlyForDeploymentPostprocessing = 0;
		};
		AC8BA0AB285CE97D009CF8F1 /* Resources */ = {
			isa = PBXResourcesBuildPhase;
			buildActionMask = 2147483647;
			files = (
			);
			runOnlyForDeploymentPostprocessing = 0;
		};
		AC8BA0B5285CE97D009CF8F1 /* Resources */ = {
			isa = PBXResourcesBuildPhase;
			buildActionMask = 2147483647;
			files = (
			);
			runOnlyForDeploymentPostprocessing = 0;
		};
/* End PBXResourcesBuildPhase section */

/* Begin PBXSourcesBuildPhase section */
		AC8BA090285CE973009CF8F1 /* Sources */ = {
			isa = PBXSourcesBuildPhase;
			buildActionMask = 2147483647;
			files = (
				AC32B486285FC8F200AD9458 /* FavouritesViewModel.swift in Sources */,
				AC8BA0CE285D01F5009CF8F1 /* SearchGIFsViewModel.swift in Sources */,
				AC72FFD628623527008F6B21 /* CoreDataManager.swift in Sources */,
				AC6FA257286505EC0014BCB2 /* UpdateFavouritesUseCase.swift in Sources */,
				AC8BA0D0285D04E9009CF8F1 /* GIFCell.swift in Sources */,
				AC8BA0CB285D01B7009CF8F1 /* SearchGIFsViewController.swift in Sources */,
				AC8BA098285CE973009CF8F1 /* AppDelegate.swift in Sources */,
				AC8B690D2868DF17004E8B2C /* FavouritesStorage.swift in Sources */,
				AC8B68FB2868B035004E8B2C /* GIFSearchParameters.swift in Sources */,
				ACB56AF1286679F7008CD341 /* UICollectionViewLayout+Waterfall.swift in Sources */,
				AC72FFD1286231E7008F6B21 /* TenorGIFsResponse.swift in Sources */,
				AC8B69062868B368004E8B2C /* FetchGIFsUseCase.swift in Sources */,
				AC72FFCF28623194008F6B21 /* GIF.swift in Sources */,
				AC72FFD32862347D008F6B21 /* CoreDataFavouritesStorage.swift in Sources */,
				AC586E512867D4950087704D /* LayoutItemProvider.swift in Sources */,
				AC6FA2552864B3840014BCB2 /* GIFCellViewModel.swift in Sources */,
				AC586E532867D8950087704D /* GradientView.swift in Sources */,
				AC586E4F2867D4700087704D /* WaterfallLayoutConfiguration.swift in Sources */,
				ACABA098285E56ED00FD7067 /* DefaultGIFsEndpoint.swift in Sources */,
				AC8BA0A2285CE973009CF8F1 /* TenorTrialTask.xcdatamodeld in Sources */,
				AC9C90FE2867E1E400943DF2 /* Publisher+Extensions.swift in Sources */,
				AC586E49286756730087704D /* StateInfoView.swift in Sources */,
				AC6FA25F286516C90014BCB2 /* GIFsPage.swift in Sources */,
				AC8B69042868B341004E8B2C /* PaginatedFetchGIFsUseCase.swift in Sources */,
				AC8B690F2868DF4D004E8B2C /* GIFsEndpoint.swift in Sources */,
				AC8B690B2868DED3004E8B2C /* Mutated.swift in Sources */,
				AC8BA09A285CE973009CF8F1 /* SceneDelegate.swift in Sources */,
				AC586E552867D9F40087704D /* UIView+Extensions.swift in Sources */,
				AC72FFDB28623BA7008F6B21 /* DefaultFetchGIFsUseCase.swift in Sources */,
				AC8B68F92868AF81004E8B2C /* TenorGIF.swift in Sources */,
				AC32B484285FC8E800AD9458 /* FavouritesViewController.swift in Sources */,
				AC8B69082868D10D004E8B2C /* ErrorMessage.swift in Sources */,
				AC8B68FF2868B128004E8B2C /* NSFetchedResultsController+Factories.swift in Sources */,
				ACED9836285D0FDC004395B0 /* NetworkService.swift in Sources */,
				AC8B68FD2868B0E9004E8B2C /* UITabBarItem+Factories.swift in Sources */,
			);
			runOnlyForDeploymentPostprocessing = 0;
		};
		AC8BA0A9285CE97D009CF8F1 /* Sources */ = {
			isa = PBXSourcesBuildPhase;
			buildActionMask = 2147483647;
			files = (
				AC8B69012868B2FC004E8B2C /* PaginatedFetchGIFsUseCaseTests.swift in Sources */,
			);
			runOnlyForDeploymentPostprocessing = 0;
		};
		AC8BA0B3285CE97D009CF8F1 /* Sources */ = {
			isa = PBXSourcesBuildPhase;
			buildActionMask = 2147483647;
			files = (
				AC8BA0BC285CE97D009CF8F1 /* TenorTrialTaskUITests.swift in Sources */,
				AC8BA0BE285CE97D009CF8F1 /* TenorTrialTaskUITestsLaunchTests.swift in Sources */,
			);
			runOnlyForDeploymentPostprocessing = 0;
		};
/* End PBXSourcesBuildPhase section */

/* Begin PBXTargetDependency section */
		AC8BA0AF285CE97D009CF8F1 /* PBXTargetDependency */ = {
			isa = PBXTargetDependency;
			target = AC8BA093285CE973009CF8F1 /* TenorTrialTask */;
			targetProxy = AC8BA0AE285CE97D009CF8F1 /* PBXContainerItemProxy */;
		};
		AC8BA0B9285CE97D009CF8F1 /* PBXTargetDependency */ = {
			isa = PBXTargetDependency;
			target = AC8BA093285CE973009CF8F1 /* TenorTrialTask */;
			targetProxy = AC8BA0B8285CE97D009CF8F1 /* PBXContainerItemProxy */;
		};
/* End PBXTargetDependency section */

/* Begin PBXVariantGroup section */
		AC8BA0A5285CE97C009CF8F1 /* LaunchScreen.storyboard */ = {
			isa = PBXVariantGroup;
			children = (
				AC8BA0A6285CE97C009CF8F1 /* Base */,
			);
			name = LaunchScreen.storyboard;
			sourceTree = "<group>";
		};
/* End PBXVariantGroup section */

/* Begin XCBuildConfiguration section */
		AC8BA0BF285CE97D009CF8F1 /* Debug */ = {
			isa = XCBuildConfiguration;
			buildSettings = {
				ALWAYS_SEARCH_USER_PATHS = NO;
				CLANG_ANALYZER_NONNULL = YES;
				CLANG_ANALYZER_NUMBER_OBJECT_CONVERSION = YES_AGGRESSIVE;
				CLANG_CXX_LANGUAGE_STANDARD = "gnu++17";
				CLANG_ENABLE_MODULES = YES;
				CLANG_ENABLE_OBJC_ARC = YES;
				CLANG_ENABLE_OBJC_WEAK = YES;
				CLANG_WARN_BLOCK_CAPTURE_AUTORELEASING = YES;
				CLANG_WARN_BOOL_CONVERSION = YES;
				CLANG_WARN_COMMA = YES;
				CLANG_WARN_CONSTANT_CONVERSION = YES;
				CLANG_WARN_DEPRECATED_OBJC_IMPLEMENTATIONS = YES;
				CLANG_WARN_DIRECT_OBJC_ISA_USAGE = YES_ERROR;
				CLANG_WARN_DOCUMENTATION_COMMENTS = YES;
				CLANG_WARN_EMPTY_BODY = YES;
				CLANG_WARN_ENUM_CONVERSION = YES;
				CLANG_WARN_INFINITE_RECURSION = YES;
				CLANG_WARN_INT_CONVERSION = YES;
				CLANG_WARN_NON_LITERAL_NULL_CONVERSION = YES;
				CLANG_WARN_OBJC_IMPLICIT_RETAIN_SELF = YES;
				CLANG_WARN_OBJC_LITERAL_CONVERSION = YES;
				CLANG_WARN_OBJC_ROOT_CLASS = YES_ERROR;
				CLANG_WARN_QUOTED_INCLUDE_IN_FRAMEWORK_HEADER = YES;
				CLANG_WARN_RANGE_LOOP_ANALYSIS = YES;
				CLANG_WARN_STRICT_PROTOTYPES = YES;
				CLANG_WARN_SUSPICIOUS_MOVE = YES;
				CLANG_WARN_UNGUARDED_AVAILABILITY = YES_AGGRESSIVE;
				CLANG_WARN_UNREACHABLE_CODE = YES;
				CLANG_WARN__DUPLICATE_METHOD_MATCH = YES;
				COPY_PHASE_STRIP = NO;
				DEBUG_INFORMATION_FORMAT = dwarf;
				ENABLE_STRICT_OBJC_MSGSEND = YES;
				ENABLE_TESTABILITY = YES;
				GCC_C_LANGUAGE_STANDARD = gnu11;
				GCC_DYNAMIC_NO_PIC = NO;
				GCC_NO_COMMON_BLOCKS = YES;
				GCC_OPTIMIZATION_LEVEL = 0;
				GCC_PREPROCESSOR_DEFINITIONS = (
					"DEBUG=1",
					"$(inherited)",
				);
				GCC_WARN_64_TO_32_BIT_CONVERSION = YES;
				GCC_WARN_ABOUT_RETURN_TYPE = YES_ERROR;
				GCC_WARN_UNDECLARED_SELECTOR = YES;
				GCC_WARN_UNINITIALIZED_AUTOS = YES_AGGRESSIVE;
				GCC_WARN_UNUSED_FUNCTION = YES;
				GCC_WARN_UNUSED_VARIABLE = YES;
				IPHONEOS_DEPLOYMENT_TARGET = 15.4;
				MTL_ENABLE_DEBUG_INFO = INCLUDE_SOURCE;
				MTL_FAST_MATH = YES;
				ONLY_ACTIVE_ARCH = YES;
				SDKROOT = iphoneos;
				SWIFT_ACTIVE_COMPILATION_CONDITIONS = DEBUG;
				SWIFT_OPTIMIZATION_LEVEL = "-Onone";
			};
			name = Debug;
		};
		AC8BA0C0285CE97D009CF8F1 /* Release */ = {
			isa = XCBuildConfiguration;
			buildSettings = {
				ALWAYS_SEARCH_USER_PATHS = NO;
				CLANG_ANALYZER_NONNULL = YES;
				CLANG_ANALYZER_NUMBER_OBJECT_CONVERSION = YES_AGGRESSIVE;
				CLANG_CXX_LANGUAGE_STANDARD = "gnu++17";
				CLANG_ENABLE_MODULES = YES;
				CLANG_ENABLE_OBJC_ARC = YES;
				CLANG_ENABLE_OBJC_WEAK = YES;
				CLANG_WARN_BLOCK_CAPTURE_AUTORELEASING = YES;
				CLANG_WARN_BOOL_CONVERSION = YES;
				CLANG_WARN_COMMA = YES;
				CLANG_WARN_CONSTANT_CONVERSION = YES;
				CLANG_WARN_DEPRECATED_OBJC_IMPLEMENTATIONS = YES;
				CLANG_WARN_DIRECT_OBJC_ISA_USAGE = YES_ERROR;
				CLANG_WARN_DOCUMENTATION_COMMENTS = YES;
				CLANG_WARN_EMPTY_BODY = YES;
				CLANG_WARN_ENUM_CONVERSION = YES;
				CLANG_WARN_INFINITE_RECURSION = YES;
				CLANG_WARN_INT_CONVERSION = YES;
				CLANG_WARN_NON_LITERAL_NULL_CONVERSION = YES;
				CLANG_WARN_OBJC_IMPLICIT_RETAIN_SELF = YES;
				CLANG_WARN_OBJC_LITERAL_CONVERSION = YES;
				CLANG_WARN_OBJC_ROOT_CLASS = YES_ERROR;
				CLANG_WARN_QUOTED_INCLUDE_IN_FRAMEWORK_HEADER = YES;
				CLANG_WARN_RANGE_LOOP_ANALYSIS = YES;
				CLANG_WARN_STRICT_PROTOTYPES = YES;
				CLANG_WARN_SUSPICIOUS_MOVE = YES;
				CLANG_WARN_UNGUARDED_AVAILABILITY = YES_AGGRESSIVE;
				CLANG_WARN_UNREACHABLE_CODE = YES;
				CLANG_WARN__DUPLICATE_METHOD_MATCH = YES;
				COPY_PHASE_STRIP = NO;
				DEBUG_INFORMATION_FORMAT = "dwarf-with-dsym";
				ENABLE_NS_ASSERTIONS = NO;
				ENABLE_STRICT_OBJC_MSGSEND = YES;
				GCC_C_LANGUAGE_STANDARD = gnu11;
				GCC_NO_COMMON_BLOCKS = YES;
				GCC_WARN_64_TO_32_BIT_CONVERSION = YES;
				GCC_WARN_ABOUT_RETURN_TYPE = YES_ERROR;
				GCC_WARN_UNDECLARED_SELECTOR = YES;
				GCC_WARN_UNINITIALIZED_AUTOS = YES_AGGRESSIVE;
				GCC_WARN_UNUSED_FUNCTION = YES;
				GCC_WARN_UNUSED_VARIABLE = YES;
				IPHONEOS_DEPLOYMENT_TARGET = 15.4;
				MTL_ENABLE_DEBUG_INFO = NO;
				MTL_FAST_MATH = YES;
				SDKROOT = iphoneos;
				SWIFT_COMPILATION_MODE = wholemodule;
				SWIFT_OPTIMIZATION_LEVEL = "-O";
				VALIDATE_PRODUCT = YES;
			};
			name = Release;
		};
		AC8BA0C2285CE97D009CF8F1 /* Debug */ = {
			isa = XCBuildConfiguration;
			buildSettings = {
				ASSETCATALOG_COMPILER_APPICON_NAME = AppIcon;
				ASSETCATALOG_COMPILER_GLOBAL_ACCENT_COLOR_NAME = AccentColor;
				CODE_SIGN_STYLE = Automatic;
				CURRENT_PROJECT_VERSION = 1;
				DEVELOPMENT_TEAM = 276537L7BW;
				GENERATE_INFOPLIST_FILE = YES;
				INFOPLIST_FILE = TenorTrialTask/Resources/Info.plist;
				INFOPLIST_KEY_UIApplicationSupportsIndirectInputEvents = YES;
				INFOPLIST_KEY_UILaunchStoryboardName = LaunchScreen;
				INFOPLIST_KEY_UISupportedInterfaceOrientations_iPad = "UIInterfaceOrientationPortrait UIInterfaceOrientationPortraitUpsideDown UIInterfaceOrientationLandscapeLeft UIInterfaceOrientationLandscapeRight";
				INFOPLIST_KEY_UISupportedInterfaceOrientations_iPhone = "UIInterfaceOrientationPortrait UIInterfaceOrientationLandscapeLeft UIInterfaceOrientationLandscapeRight";
				LD_RUNPATH_SEARCH_PATHS = (
					"$(inherited)",
					"@executable_path/Frameworks",
				);
				MARKETING_VERSION = 1.0;
				PRODUCT_BUNDLE_IDENTIFIER = VasylMytko.TenorTrialTask;
				PRODUCT_NAME = "$(TARGET_NAME)";
				SWIFT_EMIT_LOC_STRINGS = YES;
				SWIFT_VERSION = 5.0;
				TARGETED_DEVICE_FAMILY = "1,2";
			};
			name = Debug;
		};
		AC8BA0C3285CE97D009CF8F1 /* Release */ = {
			isa = XCBuildConfiguration;
			buildSettings = {
				ASSETCATALOG_COMPILER_APPICON_NAME = AppIcon;
				ASSETCATALOG_COMPILER_GLOBAL_ACCENT_COLOR_NAME = AccentColor;
				CODE_SIGN_STYLE = Automatic;
				CURRENT_PROJECT_VERSION = 1;
				DEVELOPMENT_TEAM = 276537L7BW;
				GENERATE_INFOPLIST_FILE = YES;
				INFOPLIST_FILE = TenorTrialTask/Resources/Info.plist;
				INFOPLIST_KEY_UIApplicationSupportsIndirectInputEvents = YES;
				INFOPLIST_KEY_UILaunchStoryboardName = LaunchScreen;
				INFOPLIST_KEY_UISupportedInterfaceOrientations_iPad = "UIInterfaceOrientationPortrait UIInterfaceOrientationPortraitUpsideDown UIInterfaceOrientationLandscapeLeft UIInterfaceOrientationLandscapeRight";
				INFOPLIST_KEY_UISupportedInterfaceOrientations_iPhone = "UIInterfaceOrientationPortrait UIInterfaceOrientationLandscapeLeft UIInterfaceOrientationLandscapeRight";
				LD_RUNPATH_SEARCH_PATHS = (
					"$(inherited)",
					"@executable_path/Frameworks",
				);
				MARKETING_VERSION = 1.0;
				PRODUCT_BUNDLE_IDENTIFIER = VasylMytko.TenorTrialTask;
				PRODUCT_NAME = "$(TARGET_NAME)";
				SWIFT_EMIT_LOC_STRINGS = YES;
				SWIFT_VERSION = 5.0;
				TARGETED_DEVICE_FAMILY = "1,2";
			};
			name = Release;
		};
		AC8BA0C5285CE97D009CF8F1 /* Debug */ = {
			isa = XCBuildConfiguration;
			buildSettings = {
				ALWAYS_EMBED_SWIFT_STANDARD_LIBRARIES = YES;
				BUNDLE_LOADER = "$(TEST_HOST)";
				CODE_SIGN_STYLE = Automatic;
				CURRENT_PROJECT_VERSION = 1;
				DEVELOPMENT_TEAM = 276537L7BW;
				GENERATE_INFOPLIST_FILE = YES;
				IPHONEOS_DEPLOYMENT_TARGET = 15.4;
				MARKETING_VERSION = 1.0;
				PRODUCT_BUNDLE_IDENTIFIER = VasylMytko.TenorTrialTaskTests;
				PRODUCT_NAME = "$(TARGET_NAME)";
				SWIFT_EMIT_LOC_STRINGS = NO;
				SWIFT_VERSION = 5.0;
				TARGETED_DEVICE_FAMILY = "1,2";
				TEST_HOST = "$(BUILT_PRODUCTS_DIR)/TenorTrialTask.app/TenorTrialTask";
			};
			name = Debug;
		};
		AC8BA0C6285CE97D009CF8F1 /* Release */ = {
			isa = XCBuildConfiguration;
			buildSettings = {
				ALWAYS_EMBED_SWIFT_STANDARD_LIBRARIES = YES;
				BUNDLE_LOADER = "$(TEST_HOST)";
				CODE_SIGN_STYLE = Automatic;
				CURRENT_PROJECT_VERSION = 1;
				DEVELOPMENT_TEAM = 276537L7BW;
				GENERATE_INFOPLIST_FILE = YES;
				IPHONEOS_DEPLOYMENT_TARGET = 15.4;
				MARKETING_VERSION = 1.0;
				PRODUCT_BUNDLE_IDENTIFIER = VasylMytko.TenorTrialTaskTests;
				PRODUCT_NAME = "$(TARGET_NAME)";
				SWIFT_EMIT_LOC_STRINGS = NO;
				SWIFT_VERSION = 5.0;
				TARGETED_DEVICE_FAMILY = "1,2";
				TEST_HOST = "$(BUILT_PRODUCTS_DIR)/TenorTrialTask.app/TenorTrialTask";
			};
			name = Release;
		};
		AC8BA0C8285CE97D009CF8F1 /* Debug */ = {
			isa = XCBuildConfiguration;
			buildSettings = {
				ALWAYS_EMBED_SWIFT_STANDARD_LIBRARIES = YES;
				CODE_SIGN_STYLE = Automatic;
				CURRENT_PROJECT_VERSION = 1;
				DEVELOPMENT_TEAM = 276537L7BW;
				GENERATE_INFOPLIST_FILE = YES;
				MARKETING_VERSION = 1.0;
				PRODUCT_BUNDLE_IDENTIFIER = VasylMytko.TenorTrialTaskUITests;
				PRODUCT_NAME = "$(TARGET_NAME)";
				SWIFT_EMIT_LOC_STRINGS = NO;
				SWIFT_VERSION = 5.0;
				TARGETED_DEVICE_FAMILY = "1,2";
				TEST_TARGET_NAME = TenorTrialTask;
			};
			name = Debug;
		};
		AC8BA0C9285CE97D009CF8F1 /* Release */ = {
			isa = XCBuildConfiguration;
			buildSettings = {
				ALWAYS_EMBED_SWIFT_STANDARD_LIBRARIES = YES;
				CODE_SIGN_STYLE = Automatic;
				CURRENT_PROJECT_VERSION = 1;
				DEVELOPMENT_TEAM = 276537L7BW;
				GENERATE_INFOPLIST_FILE = YES;
				MARKETING_VERSION = 1.0;
				PRODUCT_BUNDLE_IDENTIFIER = VasylMytko.TenorTrialTaskUITests;
				PRODUCT_NAME = "$(TARGET_NAME)";
				SWIFT_EMIT_LOC_STRINGS = NO;
				SWIFT_VERSION = 5.0;
				TARGETED_DEVICE_FAMILY = "1,2";
				TEST_TARGET_NAME = TenorTrialTask;
			};
			name = Release;
		};
/* End XCBuildConfiguration section */

/* Begin XCConfigurationList section */
		AC8BA08F285CE973009CF8F1 /* Build configuration list for PBXProject "TenorTrialTask" */ = {
			isa = XCConfigurationList;
			buildConfigurations = (
				AC8BA0BF285CE97D009CF8F1 /* Debug */,
				AC8BA0C0285CE97D009CF8F1 /* Release */,
			);
			defaultConfigurationIsVisible = 0;
			defaultConfigurationName = Release;
		};
		AC8BA0C1285CE97D009CF8F1 /* Build configuration list for PBXNativeTarget "TenorTrialTask" */ = {
			isa = XCConfigurationList;
			buildConfigurations = (
				AC8BA0C2285CE97D009CF8F1 /* Debug */,
				AC8BA0C3285CE97D009CF8F1 /* Release */,
			);
			defaultConfigurationIsVisible = 0;
			defaultConfigurationName = Release;
		};
		AC8BA0C4285CE97D009CF8F1 /* Build configuration list for PBXNativeTarget "TenorTrialTaskTests" */ = {
			isa = XCConfigurationList;
			buildConfigurations = (
				AC8BA0C5285CE97D009CF8F1 /* Debug */,
				AC8BA0C6285CE97D009CF8F1 /* Release */,
			);
			defaultConfigurationIsVisible = 0;
			defaultConfigurationName = Release;
		};
		AC8BA0C7285CE97D009CF8F1 /* Build configuration list for PBXNativeTarget "TenorTrialTaskUITests" */ = {
			isa = XCConfigurationList;
			buildConfigurations = (
				AC8BA0C8285CE97D009CF8F1 /* Debug */,
				AC8BA0C9285CE97D009CF8F1 /* Release */,
			);
			defaultConfigurationIsVisible = 0;
			defaultConfigurationName = Release;
		};
/* End XCConfigurationList section */

/* Begin XCRemoteSwiftPackageReference section */
		AC6FA26228652C640014BCB2 /* XCRemoteSwiftPackageReference "CombineExt" */ = {
			isa = XCRemoteSwiftPackageReference;
			repositoryURL = "https://github.com/CombineCommunity/CombineExt.git";
			requirement = {
				kind = upToNextMajorVersion;
				minimumVersion = 1.0.0;
			};
		};
		AC72FFD728623AB2008F6B21 /* XCRemoteSwiftPackageReference "CombineCocoa" */ = {
			isa = XCRemoteSwiftPackageReference;
			repositoryURL = "https://github.com/CombineCommunity/CombineCocoa.git";
			requirement = {
				kind = upToNextMajorVersion;
				minimumVersion = 0.4.0;
			};
		};
		ACABA094285E0ACB00FD7067 /* XCRemoteSwiftPackageReference "SDWebImage" */ = {
			isa = XCRemoteSwiftPackageReference;
			repositoryURL = "https://github.com/SDWebImage/SDWebImage.git";
			requirement = {
				kind = upToNextMajorVersion;
				minimumVersion = 5.0.0;
			};
		};
/* End XCRemoteSwiftPackageReference section */

/* Begin XCSwiftPackageProductDependency section */
		AC6FA26328652C640014BCB2 /* CombineExt */ = {
			isa = XCSwiftPackageProductDependency;
			package = AC6FA26228652C640014BCB2 /* XCRemoteSwiftPackageReference "CombineExt" */;
			productName = CombineExt;
		};
		AC72FFD828623AB2008F6B21 /* CombineCocoa */ = {
			isa = XCSwiftPackageProductDependency;
			package = AC72FFD728623AB2008F6B21 /* XCRemoteSwiftPackageReference "CombineCocoa" */;
			productName = CombineCocoa;
		};
		ACABA095285E0ACB00FD7067 /* SDWebImage */ = {
			isa = XCSwiftPackageProductDependency;
			package = ACABA094285E0ACB00FD7067 /* XCRemoteSwiftPackageReference "SDWebImage" */;
			productName = SDWebImage;
		};
/* End XCSwiftPackageProductDependency section */

/* Begin XCVersionGroup section */
		AC8BA0A0285CE973009CF8F1 /* TenorTrialTask.xcdatamodeld */ = {
			isa = XCVersionGroup;
			children = (
				AC8BA0A1285CE973009CF8F1 /* TenorTrialTask.xcdatamodel */,
			);
			currentVersion = AC8BA0A1285CE973009CF8F1 /* TenorTrialTask.xcdatamodel */;
			path = TenorTrialTask.xcdatamodeld;
			sourceTree = "<group>";
			versionGroupType = wrapper.xcdatamodel;
		};
/* End XCVersionGroup section */
	};
	rootObject = AC8BA08C285CE973009CF8F1 /* Project object */;
}
